
Microsoft Visual Studio Solution File, Format Version 12.00
# Visual Studio Version 16
VisualStudioVersion = 16.0.32407.337
MinimumVisualStudioVersion = 10.0.40219.1
Project("{FAE04EC0-301F-11D3-BF4B-00C04F79EFBC}") = "ExoftCamp", "ExoftCamp.csproj", "{39CED247-27F0-42FA-AA4E-B3900CC0546A}"
EndProject
Global
	GlobalSection(SolutionConfigurationPlatforms) = preSolution
		Debug|Any CPU = Debug|Any CPU
		Release|Any CPU = Release|Any CPU
	EndGlobalSection
	GlobalSection(ProjectConfigurationPlatforms) = postSolution
		{39CED247-27F0-42FA-AA4E-B3900CC0546A}.Debug|Any CPU.ActiveCfg = Debug|Any CPU
		{39CED247-27F0-42FA-AA4E-B3900CC0546A}.Debug|Any CPU.Build.0 = Debug|Any CPU
		{39CED247-27F0-42FA-AA4E-B3900CC0546A}.Release|Any CPU.ActiveCfg = Release|Any CPU
		{39CED247-27F0-42FA-AA4E-B3900CC0546A}.Release|Any CPU.Build.0 = Release|Any CPU
	EndGlobalSection
	GlobalSection(SolutionProperties) = preSolution
		HideSolutionNode = FALSE
	EndGlobalSection
	GlobalSection(ExtensibilityGlobals) = postSolution
		SolutionGuid = {CE21E973-03DC-4BCA-8A61-0A9960761CAB}
	EndGlobalSection
EndGlobal
